
Microsoft Visual Studio Solution File, Format Version 12.00
# Visual Studio Version 17
VisualStudioVersion = 17.5.33424.131
MinimumVisualStudioVersion = 10.0.40219.1
Project("{FAE04EC0-301F-11D3-BF4B-00C04F79EFBC}") = "ListKamenNozickaGame", "ListKamenNozickaGame\ListKamenNozickaGame.csproj", "{1031AD76-A12B-4A05-8568-E43B0B4CCDDC}"
EndProject
Global
	GlobalSection(SolutionConfigurationPlatforms) = preSolution
		Debug|Any CPU = Debug|Any CPU
		Release|Any CPU = Release|Any CPU
	EndGlobalSection
	GlobalSection(ProjectConfigurationPlatforms) = postSolution
		{1031AD76-A12B-4A05-8568-E43B0B4CCDDC}.Debug|Any CPU.ActiveCfg = Debug|Any CPU
		{1031AD76-A12B-4A05-8568-E43B0B4CCDDC}.Debug|Any CPU.Build.0 = Debug|Any CPU
		{1031AD76-A12B-4A05-8568-E43B0B4CCDDC}.Release|Any CPU.ActiveCfg = Release|Any CPU
		{1031AD76-A12B-4A05-8568-E43B0B4CCDDC}.Release|Any CPU.Build.0 = Release|Any CPU
	EndGlobalSection
	GlobalSection(SolutionProperties) = preSolution
		HideSolutionNode = FALSE
	EndGlobalSection
	GlobalSection(ExtensibilityGlobals) = postSolution
		SolutionGuid = {6496893B-6C70-4D18-BFC2-1F12E725B704}
	EndGlobalSection
EndGlobal
